{
  "originHash" : "21af0e39a4a5b1f6ff62efbab76c00a7d4d5afaaae8876995b00088265581cce",
  "pins" : [
    {
      "identity" : "cocoalumberjack",
      "kind" : "remoteSourceControl",
      "location" : "https://github.com/CocoaLumberjack/CocoaLumberjack.git",
      "state" : {
        "revision" : "a9ed4b6f9bdedce7d77046f43adfb8ce1fd54114",
        "version" : "3.9.0"
      }
    },
    {
      "identity" : "mixpanel-swift",
      "kind" : "remoteSourceControl",
      "location" : "https://github.com/mixpanel/mixpanel-swift.git",
      "state" : {
        "revision" : "cf569f790c0ec9e9f94f25e56b7ba5762198d34a",
        "version" : "2.10.4"
      }
    },
    {
      "identity" : "posthog-ios",
      "kind" : "remoteSourceControl",
      "location" : "https://github.com/PostHog/posthog-ios.git",
      "state" : {
        "revision" : "6532c136877c44d7c96a351303122a5a7fc67c1a",
        "version" : "3.30.0"
      }
    },
    {
      "identity" : "rollbar-apple",
      "kind" : "remoteSourceControl",
      "location" : "https://github.com/rollbar/rollbar-apple.git",
      "state" : {
        "revision" : "2077a05788a740eea7d804c293c7d5313169b5ed",
        "version" : "3.3.3"
      }
    },
    {
      "identity" : "swift-log",
      "kind" : "remoteSourceControl",
      "location" : "https://github.com/apple/swift-log",
      "state" : {
        "revision" : "ce592ae52f982c847a4efc0dd881cc9eb32d29f2",
        "version" : "1.6.4"
      }
    },
    {
      "identity" : "vortex",
      "kind" : "remoteSourceControl",
      "location" : "https://github.com/twostraws/Vortex.git",
      "state" : {
        "revision" : "26e036c4f04efcc019c95d43bfeffeaefbef3c99",
        "version" : "1.0.3"
      }
    }
  ],
  "version" : 3
}
